# @generated - this file is auto-generated by `mise lock` https://mise.jdx.dev/dev-tools/mise-lock.html

lockfile_version = 1

[[tools."aqua:boyter/scc"]]
version = "4.0.0"
backend = "aqua:boyter/scc"
specifiers = ["latest"]

[tools."aqua:boyter/scc"."platforms.linux-arm64"]
checksum = "sha256:a73d5378017abb1d86da8c19a73ede2878c3f7369e9ea6987827cd710aa14657"
url = "https://github.com/boyter/scc/releases/download/v4.0.0/scc_Linux_arm64.tar.gz"
url_api = "https://api.github.com/repos/boyter/scc/releases/assets/526904408"

[tools."aqua:boyter/scc"."platforms.linux-arm64-musl"]
checksum = "sha256:a73d5378017abb1d86da8c19a73ede2878c3f7369e9ea6987827cd710aa14657"
url = "https://github.com/boyter/scc/releases/download/v4.0.0/scc_Linux_arm64.tar.gz"
url_api = "https://api.github.com/repos/boyter/scc/releases/assets/526904408"

[tools."aqua:boyter/scc"."platforms.linux-x64"]
checksum = "sha256:b8535fb0714dd33c5434c24de181e4d1a632e6a1f869e1985bbd10ad8b838545"
url = "https://github.com/boyter/scc/releases/download/v4.0.0/scc_Linux_x86_64.tar.gz"
url_api = "https://api.github.com/repos/boyter/scc/releases/assets/526904413"

[tools."aqua:boyter/scc"."platforms.linux-x64-musl"]
checksum = "sha256:b8535fb0714dd33c5434c24de181e4d1a632e6a1f869e1985bbd10ad8b838545"
url = "https://github.com/boyter/scc/releases/download/v4.0.0/scc_Linux_x86_64.tar.gz"
url_api = "https://api.github.com/repos/boyter/scc/releases/assets/526904413"

[tools."aqua:boyter/scc"."platforms.macos-arm64"]
checksum = "sha256:02cfdfcaf5baf7f6595746efdfcc6301fce89cfc6a5bf8b52ed78064937fd933"
url = "https://github.com/boyter/scc/releases/download/v4.0.0/scc_Darwin_arm64.tar.gz"
url_api = "https://api.github.com/repos/boyter/scc/releases/assets/526904411"

[tools."aqua:boyter/scc"."platforms.macos-x64"]
checksum = "sha256:8ee6d4ed42a89d9e5f71fe3e06a48d575050d264d48cbf33babbcac0a32d7ac5"
url = "https://github.com/boyter/scc/releases/download/v4.0.0/scc_Darwin_x86_64.tar.gz"
url_api = "https://api.github.com/repos/boyter/scc/releases/assets/526904409"

[[tools.ast-grep]]
version = "0.45.3"
backend = "aqua:ast-grep/ast-grep"
specifiers = ["latest"]

[tools.ast-grep."platforms.linux-arm64"]
checksum = "sha256:b39cfbc58da4b869a88b8a4bc57bd5deb0d24541e704cf7c257da7b53ec81c8f"
url = "https://github.com/ast-grep/ast-grep/releases/download/0.45.3/app-aarch64-unknown-linux-gnu.zip"
url_api = "https://api.github.com/repos/ast-grep/ast-grep/releases/assets/537333400"

[tools.ast-grep."platforms.linux-x64"]
checksum = "sha256:f8ac830881339d1edee6b2652f54798c0f4da5a827f2db38a08ee31117783ce8"
url = "https://github.com/ast-grep/ast-grep/releases/download/0.45.3/app-x86_64-unknown-linux-gnu.zip"
url_api = "https://api.github.com/repos/ast-grep/ast-grep/releases/assets/537332692"

[tools.ast-grep."platforms.macos-arm64"]
checksum = "sha256:6d2279dea5bea2ad79c66ea93f5fe54ba926e398a8a26de76c56db68fe59eac6"
url = "https://github.com/ast-grep/ast-grep/releases/download/0.45.3/app-aarch64-apple-darwin.zip"
url_api = "https://api.github.com/repos/ast-grep/ast-grep/releases/assets/537332514"

[tools.ast-grep."platforms.macos-x64"]
checksum = "sha256:b2ffd26f42810340326a9e8a084bdc3647a8795c1a3f21fc06bd7bef3c7c5b2c"
url = "https://github.com/ast-grep/ast-grep/releases/download/0.45.3/app-x86_64-apple-darwin.zip"
url_api = "https://api.github.com/repos/ast-grep/ast-grep/releases/assets/537333391"

[[tools.direnv]]
version = "2.37.1"
backend = "aqua:direnv/direnv"
specifiers = ["latest"]

[tools.direnv."platforms.linux-arm64"]
checksum = "sha256:2a9cef8d73521d6a3ec3f2871c4b747b8c4cc038628c1b57a7efa42b393a2d82"
url = "https://github.com/direnv/direnv/releases/download/v2.37.1/direnv.linux-arm64"
url_api = "https://api.github.com/repos/direnv/direnv/releases/assets/274610549"

[tools.direnv."platforms.linux-arm64-musl"]
checksum = "sha256:2a9cef8d73521d6a3ec3f2871c4b747b8c4cc038628c1b57a7efa42b393a2d82"
url = "https://github.com/direnv/direnv/releases/download/v2.37.1/direnv.linux-arm64"
url_api = "https://api.github.com/repos/direnv/direnv/releases/assets/274610549"

[tools.direnv."platforms.linux-x64"]
checksum = "sha256:1f1b93dd6f38523fde26dfac96151ef9d31a374e3005cd3345fb93555ae0c9b5"
url = "https://github.com/direnv/direnv/releases/download/v2.37.1/direnv.linux-amd64"
url_api = "https://api.github.com/repos/direnv/direnv/releases/assets/274610548"

[tools.direnv."platforms.linux-x64-musl"]
checksum = "sha256:1f1b93dd6f38523fde26dfac96151ef9d31a374e3005cd3345fb93555ae0c9b5"
url = "https://github.com/direnv/direnv/releases/download/v2.37.1/direnv.linux-amd64"
url_api = "https://api.github.com/repos/direnv/direnv/releases/assets/274610548"

[tools.direnv."platforms.macos-arm64"]
checksum = "sha256:4f569f3a36732bfd8b8fea7bfcc6ad87a59745c109022164d0ca4832451d5369"
url = "https://github.com/direnv/direnv/releases/download/v2.37.1/direnv.darwin-arm64"
url_api = "https://api.github.com/repos/direnv/direnv/releases/assets/274610544"

[tools.direnv."platforms.macos-x64"]
checksum = "sha256:24fb9ce48b563d7e9fbdd3a4e3e836941654a31ce3e67eba9eaafc3dcd8ae73b"
url = "https://github.com/direnv/direnv/releases/download/v2.37.1/direnv.darwin-amd64"
url_api = "https://api.github.com/repos/direnv/direnv/releases/assets/274610540"

[[tools."github:marlon-costa-dc/beads"]]
version = "1.2.2-fd1"
backend = "github:marlon-costa-dc/beads"
specifiers = ["latest"]

[tools."github:marlon-costa-dc/beads"."platforms.linux-arm64"]
checksum = "sha256:883dad274a211707c9c7ac34ac4a038de2fdebbe5e608846d8f50c03670a6a58"
url = "https://github.com/marlon-costa-dc/beads/releases/download/v1.2.2-fd1/beads_1.2.2-fd1_linux_arm64.tar.gz"
url_api = "https://api.github.com/repos/marlon-costa-dc/beads/releases/assets/537256808"

[tools."github:marlon-costa-dc/beads"."platforms.linux-arm64-musl"]
checksum = "sha256:883dad274a211707c9c7ac34ac4a038de2fdebbe5e608846d8f50c03670a6a58"
url = "https://github.com/marlon-costa-dc/beads/releases/download/v1.2.2-fd1/beads_1.2.2-fd1_linux_arm64.tar.gz"
url_api = "https://api.github.com/repos/marlon-costa-dc/beads/releases/assets/537256808"

[tools."github:marlon-costa-dc/beads"."platforms.linux-x64"]
checksum = "sha256:26ca750633f0bb1d4bd672fc2e7b8d9f42866dee9a12fe6fe35ae56f97eb547c"
url = "https://github.com/marlon-costa-dc/beads/releases/download/v1.2.2-fd1/beads_1.2.2-fd1_linux_amd64.tar.gz"
url_api = "https://api.github.com/repos/marlon-costa-dc/beads/releases/assets/537256972"

[tools."github:marlon-costa-dc/beads"."platforms.linux-x64-musl"]
checksum = "sha256:26ca750633f0bb1d4bd672fc2e7b8d9f42866dee9a12fe6fe35ae56f97eb547c"
url = "https://github.com/marlon-costa-dc/beads/releases/download/v1.2.2-fd1/beads_1.2.2-fd1_linux_amd64.tar.gz"
url_api = "https://api.github.com/repos/marlon-costa-dc/beads/releases/assets/537256972"

[tools."github:marlon-costa-dc/beads"."platforms.macos-arm64"]
checksum = "sha256:3927c4220fbccbf7c1bff9e8f0ea8cb5726aaa1c0e2f9c002c2f7e5200a05da4"
url = "https://github.com/marlon-costa-dc/beads/releases/download/v1.2.2-fd1/beads_1.2.2-fd1_darwin_arm64.tar.gz"
url_api = "https://api.github.com/repos/marlon-costa-dc/beads/releases/assets/537261396"

[tools."github:marlon-costa-dc/beads"."platforms.macos-x64"]
checksum = "sha256:7a4929a7c9cca2a60d9b55a62d96fb0fb2bef18f53de58200c5c10aed35a3227"
url = "https://github.com/marlon-costa-dc/beads/releases/download/v1.2.2-fd1/beads_1.2.2-fd1_darwin_amd64.tar.gz"
url_api = "https://api.github.com/repos/marlon-costa-dc/beads/releases/assets/537261434"

[[tools."github:marlon-costa-dc/gascity"]]
version = "1.4.1-fc2"
backend = "github:marlon-costa-dc/gascity"
specifiers = ["latest"]

[tools."github:marlon-costa-dc/gascity"."platforms.linux-arm64"]
checksum = "sha256:3f2e869b890ff1bea4d25f336645fa6edf096d34e5187ebbe9d7a2d276db0531"
url = "https://github.com/marlon-costa-dc/gascity/releases/download/v1.4.1-fc2/gascity_1.4.1-fc2_linux_arm64.tar.gz"
url_api = "https://api.github.com/repos/marlon-costa-dc/gascity/releases/assets/538755507"

[tools."github:marlon-costa-dc/gascity"."platforms.linux-arm64-musl"]
checksum = "sha256:3f2e869b890ff1bea4d25f336645fa6edf096d34e5187ebbe9d7a2d276db0531"
url = "https://github.com/marlon-costa-dc/gascity/releases/download/v1.4.1-fc2/gascity_1.4.1-fc2_linux_arm64.tar.gz"
url_api = "https://api.github.com/repos/marlon-costa-dc/gascity/releases/assets/538755507"

[tools."github:marlon-costa-dc/gascity"."platforms.linux-x64"]
checksum = "sha256:ac1fa5edbaf944c4c9e221d18f320b3513dd304f887b143014967406b762a6d9"
url = "https://github.com/marlon-costa-dc/gascity/releases/download/v1.4.1-fc2/gascity_1.4.1-fc2_linux_amd64.tar.gz"
url_api = "https://api.github.com/repos/marlon-costa-dc/gascity/releases/assets/538755527"

[tools."github:marlon-costa-dc/gascity"."platforms.linux-x64-musl"]
checksum = "sha256:ac1fa5edbaf944c4c9e221d18f320b3513dd304f887b143014967406b762a6d9"
url = "https://github.com/marlon-costa-dc/gascity/releases/download/v1.4.1-fc2/gascity_1.4.1-fc2_linux_amd64.tar.gz"
url_api = "https://api.github.com/repos/marlon-costa-dc/gascity/releases/assets/538755527"

[tools."github:marlon-costa-dc/gascity"."platforms.macos-arm64"]
checksum = "sha256:17b91338e5c3ed7274786b17a6169d6301dda7b36656d5cb6b915afd0eea0b8b"
url = "https://github.com/marlon-costa-dc/gascity/releases/download/v1.4.1-fc2/gascity_1.4.1-fc2_darwin_arm64.tar.gz"
url_api = "https://api.github.com/repos/marlon-costa-dc/gascity/releases/assets/538755508"

[tools."github:marlon-costa-dc/gascity"."platforms.macos-x64"]
checksum = "sha256:84f8dba0220b6381f26a1922a65e0e732e82524f390def16b027a6113207bdcb"
url = "https://github.com/marlon-costa-dc/gascity/releases/download/v1.4.1-fc2/gascity_1.4.1-fc2_darwin_amd64.tar.gz"
url_api = "https://api.github.com/repos/marlon-costa-dc/gascity/releases/assets/538755516"

[[tools."github:microsoft/waza"]]
version = "0.38.7"
backend = "github:microsoft/waza"
specifiers = ["0.38.7"]

[tools."github:microsoft/waza"."platforms.linux-arm64"]
checksum = "sha256:142ea836bbc8324154f52d3278cb7c9a9fa4e1be7480b44d3841309b56f7b039"
url = "https://github.com/microsoft/waza/releases/download/v0.38.7/waza-linux-arm64"
url_api = "https://api.github.com/repos/microsoft/waza/releases/assets/520984886"

[tools."github:microsoft/waza"."platforms.linux-arm64-musl"]
checksum = "sha256:142ea836bbc8324154f52d3278cb7c9a9fa4e1be7480b44d3841309b56f7b039"
url = "https://github.com/microsoft/waza/releases/download/v0.38.7/waza-linux-arm64"
url_api = "https://api.github.com/repos/microsoft/waza/releases/assets/520984886"

[tools."github:microsoft/waza"."platforms.linux-x64"]
checksum = "sha256:e227cd884173de796bc28c6cb1828498f250297e0e606a4e4504d14465ff879f"
url = "https://github.com/microsoft/waza/releases/download/v0.38.7/waza-linux-amd64"
url_api = "https://api.github.com/repos/microsoft/waza/releases/assets/520984881"

[tools."github:microsoft/waza"."platforms.linux-x64-musl"]
checksum = "sha256:e227cd884173de796bc28c6cb1828498f250297e0e606a4e4504d14465ff879f"
url = "https://github.com/microsoft/waza/releases/download/v0.38.7/waza-linux-amd64"
url_api = "https://api.github.com/repos/microsoft/waza/releases/assets/520984881"

[tools."github:microsoft/waza"."platforms.macos-arm64"]
checksum = "sha256:82a4f44c7d95b13e54607ab0bb9da618bb134c51c94a64be73bedbf7bcd4e778"
url = "https://github.com/microsoft/waza/releases/download/v0.38.7/waza-darwin-arm64"
url_api = "https://api.github.com/repos/microsoft/waza/releases/assets/520984880"

[tools."github:microsoft/waza"."platforms.macos-x64"]
checksum = "sha256:e282ae6cc2f819125e8e5aaf2351caf8e066c74a853c7cdf1591cd4fb4657a1a"
url = "https://github.com/microsoft/waza/releases/download/v0.38.7/waza-darwin-amd64"
url_api = "https://api.github.com/repos/microsoft/waza/releases/assets/520984885"

[[tools."github:qltysh/qlty"]]
version = "0.642.0"
backend = "github:qltysh/qlty"
specifiers = ["0.642.0"]

[tools."github:qltysh/qlty"."platforms.linux-arm64"]
checksum = "sha256:700a86c930d64860baba2cb168a2a9778e4dc8e38dc941faf9d4d8b88d57da1d"
url = "https://github.com/qltysh/qlty/releases/download/v0.642.0/qlty-aarch64-unknown-linux-gnu.tar.xz"
url_api = "https://api.github.com/repos/qltysh/qlty/releases/assets/514936221"

[tools."github:qltysh/qlty"."platforms.linux-arm64-musl"]
checksum = "sha256:752c6f1faf22da236666e7e2fd661aaaf276ae3431c118382fb9a7f838a686c4"
url = "https://github.com/qltysh/qlty/releases/download/v0.642.0/qlty-aarch64-unknown-linux-musl.tar.xz"
url_api = "https://api.github.com/repos/qltysh/qlty/releases/assets/514936250"

[tools."github:qltysh/qlty"."platforms.linux-x64"]
checksum = "sha256:05e665112fdf8a3d7cdcf4879f6c7d989a6cacd5c527b1890ba68e9c2c5c1d2e"
url = "https://github.com/qltysh/qlty/releases/download/v0.642.0/qlty-x86_64-unknown-linux-gnu.tar.xz"
url_api = "https://api.github.com/repos/qltysh/qlty/releases/assets/514936271"

[tools."github:qltysh/qlty"."platforms.linux-x64-musl"]
checksum = "sha256:55bca32d6ee8ae5e31d8e12696203fa24b106704a176e0e80655ec93abb25477"
url = "https://github.com/qltysh/qlty/releases/download/v0.642.0/qlty-x86_64-unknown-linux-musl.tar.xz"
url_api = "https://api.github.com/repos/qltysh/qlty/releases/assets/514936274"

[tools."github:qltysh/qlty"."platforms.macos-arm64"]
checksum = "sha256:b884e1dd05fac9a225130f9df5339ed4c0209d20f4947e58efa1f0e60a8094eb"
url = "https://github.com/qltysh/qlty/releases/download/v0.642.0/qlty-aarch64-apple-darwin.tar.xz"
url_api = "https://api.github.com/repos/qltysh/qlty/releases/assets/514936220"

[tools."github:qltysh/qlty"."platforms.macos-x64"]
checksum = "sha256:206a916d11b5437a778a3da83686487a75f15c89bf8db371605c407ecf975838"
url = "https://github.com/qltysh/qlty/releases/download/v0.642.0/qlty-x86_64-apple-darwin.tar.xz"
url_api = "https://api.github.com/repos/qltysh/qlty/releases/assets/514936261"

[[tools.gitleaks]]
version = "8.30.1"
backend = "aqua:gitleaks/gitleaks"
specifiers = ["latest"]

[tools.gitleaks."platforms.linux-arm64"]
checksum = "sha256:e4a487ee7ccd7d3a7f7ec08657610aa3606637dab924210b3aee62570fb4b080"
url = "https://github.com/gitleaks/gitleaks/releases/download/v8.30.1/gitleaks_8.30.1_linux_arm64.tar.gz"
url_api = "https://api.github.com/repos/gitleaks/gitleaks/releases/assets/378332057"

[tools.gitleaks."platforms.linux-arm64-musl"]
checksum = "sha256:e4a487ee7ccd7d3a7f7ec08657610aa3606637dab924210b3aee62570fb4b080"
url = "https://github.com/gitleaks/gitleaks/releases/download/v8.30.1/gitleaks_8.30.1_linux_arm64.tar.gz"
url_api = "https://api.github.com/repos/gitleaks/gitleaks/releases/assets/378332057"

[tools.gitleaks."platforms.linux-x64"]
checksum = "sha256:551f6fc83ea457d62a0d98237cbad105af8d557003051f41f3e7ca7b3f2470eb"
url = "https://github.com/gitleaks/gitleaks/releases/download/v8.30.1/gitleaks_8.30.1_linux_x64.tar.gz"
url_api = "https://api.github.com/repos/gitleaks/gitleaks/releases/assets/378332058"

[tools.gitleaks."platforms.linux-x64-musl"]
checksum = "sha256:551f6fc83ea457d62a0d98237cbad105af8d557003051f41f3e7ca7b3f2470eb"
url = "https://github.com/gitleaks/gitleaks/releases/download/v8.30.1/gitleaks_8.30.1_linux_x64.tar.gz"
url_api = "https://api.github.com/repos/gitleaks/gitleaks/releases/assets/378332058"

[tools.gitleaks."platforms.macos-arm64"]
checksum = "sha256:b40ab0ae55c505963e365f271a8d3846efbc170aa17f2607f13df610a9aeb6a5"
url = "https://github.com/gitleaks/gitleaks/releases/download/v8.30.1/gitleaks_8.30.1_darwin_arm64.tar.gz"
url_api = "https://api.github.com/repos/gitleaks/gitleaks/releases/assets/378332059"

[tools.gitleaks."platforms.macos-x64"]
checksum = "sha256:dfe101a4db2255fc85120ac7f3d25e4342c3c20cf749f2c20a18081af1952709"
url = "https://github.com/gitleaks/gitleaks/releases/download/v8.30.1/gitleaks_8.30.1_darwin_x64.tar.gz"
url_api = "https://api.github.com/repos/gitleaks/gitleaks/releases/assets/378332053"

[[tools.go]]
version = "1.26.8"
backend = "core:go"
specifiers = ["1.26"]

[tools.go."platforms.linux-arm64"]
checksum = "sha256:211ffced9dcb9633a55eac6364816ec0ddd951389a740e88fa8b3337971bdda0"
url = "https://dl.google.com/go/go1.26.8.linux-arm64.tar.gz"

[tools.go."platforms.linux-arm64-musl"]
checksum = "sha256:211ffced9dcb9633a55eac6364816ec0ddd951389a740e88fa8b3337971bdda0"
url = "https://dl.google.com/go/go1.26.8.linux-arm64.tar.gz"

[tools.go."platforms.linux-x64"]
checksum = "sha256:d0f743b33e8d8945e6b1f432edd15785c70507121d6e2a723b21285eddf8b57b"
url = "https://dl.google.com/go/go1.26.8.linux-amd64.tar.gz"

[tools.go."platforms.linux-x64-musl"]
checksum = "sha256:d0f743b33e8d8945e6b1f432edd15785c70507121d6e2a723b21285eddf8b57b"
url = "https://dl.google.com/go/go1.26.8.linux-amd64.tar.gz"

[tools.go."platforms.macos-arm64"]
checksum = "sha256:a012b25b571bd0138a03dcd25375ceba866fe5ca822f426d2c66a4de56fd3f4b"
url = "https://dl.google.com/go/go1.26.8.darwin-arm64.tar.gz"

[tools.go."platforms.macos-x64"]
checksum = "sha256:186be014105aa6542b767d2c6ed5cca10a0214bdff809ef1724022a8c7894150"
url = "https://dl.google.com/go/go1.26.8.darwin-amd64.tar.gz"

[[tools.helm]]
version = "4.2.4"
backend = "aqua:helm/helm"
specifiers = ["latest"]

[tools.helm."platforms.linux-arm64"]
checksum = "sha256:564de2191b881e9f71b5606b25345821ea1682f06ab90499d3ab22b530176da1"
url = "https://get.helm.sh/helm-v4.2.4-linux-arm64.tar.gz"

[tools.helm."platforms.linux-arm64-musl"]
checksum = "sha256:564de2191b881e9f71b5606b25345821ea1682f06ab90499d3ab22b530176da1"
url = "https://get.helm.sh/helm-v4.2.4-linux-arm64.tar.gz"

[tools.helm."platforms.linux-x64"]
checksum = "sha256:c306b46f719b0a4da32d0f78ee21bf90ce8d602f15b22ab753f0674d1670a7f3"
url = "https://get.helm.sh/helm-v4.2.4-linux-amd64.tar.gz"

[tools.helm."platforms.linux-x64-musl"]
checksum = "sha256:c306b46f719b0a4da32d0f78ee21bf90ce8d602f15b22ab753f0674d1670a7f3"
url = "https://get.helm.sh/helm-v4.2.4-linux-amd64.tar.gz"

[tools.helm."platforms.macos-arm64"]
checksum = "sha256:d747eb4e28bd2727173d15b759fa0a17822291ec09db7ced3d55af290a3661a2"
url = "https://get.helm.sh/helm-v4.2.4-darwin-arm64.tar.gz"

[tools.helm."platforms.macos-x64"]
checksum = "sha256:6c163d687ca03c3b5c01928e53bbbcf9518278f47ce7a2f249a5a08e8bdaa2bc"
url = "https://get.helm.sh/helm-v4.2.4-darwin-amd64.tar.gz"

[[tools.kind]]
version = "0.33.0"
backend = "aqua:kubernetes-sigs/kind"
specifiers = ["latest"]

[tools.kind."platforms.linux-arm64"]
checksum = "sha256:20022bee6cfcd5086cb7234d218e3454e6090022f2a8f55d1fa7fcf42c3867a2"
url = "https://github.com/kubernetes-sigs/kind/releases/download/v0.33.0/kind-linux-arm64"
url_api = "https://api.github.com/repos/kubernetes-sigs/kind/releases/assets/531396478"

[tools.kind."platforms.linux-arm64-musl"]
checksum = "sha256:20022bee6cfcd5086cb7234d218e3454e6090022f2a8f55d1fa7fcf42c3867a2"
url = "https://github.com/kubernetes-sigs/kind/releases/download/v0.33.0/kind-linux-arm64"
url_api = "https://api.github.com/repos/kubernetes-sigs/kind/releases/assets/531396478"

[tools.kind."platforms.linux-x64"]
checksum = "sha256:aee6151561422756b764a4ae28e7f44cda5af5a9eead3cc9985112b1de8d8e0d"
url = "https://github.com/kubernetes-sigs/kind/releases/download/v0.33.0/kind-linux-amd64"
url_api = "https://api.github.com/repos/kubernetes-sigs/kind/releases/assets/531396433"

[tools.kind."platforms.linux-x64-musl"]
checksum = "sha256:aee6151561422756b764a4ae28e7f44cda5af5a9eead3cc9985112b1de8d8e0d"
url = "https://github.com/kubernetes-sigs/kind/releases/download/v0.33.0/kind-linux-amd64"
url_api = "https://api.github.com/repos/kubernetes-sigs/kind/releases/assets/531396433"

[tools.kind."platforms.macos-arm64"]
checksum = "sha256:0c8c7dbe5e23594a198b786c4bc13dacc101fa6196b0cb0b23a1ca44e61f4b4f"
url = "https://github.com/kubernetes-sigs/kind/releases/download/v0.33.0/kind-darwin-arm64"
url_api = "https://api.github.com/repos/kubernetes-sigs/kind/releases/assets/531396417"

[tools.kind."platforms.macos-x64"]
checksum = "sha256:5a99f26f57246dc9319dd294803313197a0f34d33c525b3ea8b655db5916ece0"
url = "https://github.com/kubernetes-sigs/kind/releases/download/v0.33.0/kind-darwin-amd64"
url_api = "https://api.github.com/repos/kubernetes-sigs/kind/releases/assets/531396367"

[[tools.kubeconform]]
version = "0.8.0"
backend = "aqua:yannh/kubeconform"
specifiers = ["latest"]

[tools.kubeconform."platforms.linux-arm64"]
checksum = "sha256:1f53fc8e81258197a35e8603054162a5af1de8c5af13746c71ab680d9534ed87"
url = "https://github.com/yannh/kubeconform/releases/download/v0.8.0/kubeconform-linux-arm64.tar.gz"
url_api = "https://api.github.com/repos/yannh/kubeconform/releases/assets/438612685"

[tools.kubeconform."platforms.linux-arm64-musl"]
checksum = "sha256:1f53fc8e81258197a35e8603054162a5af1de8c5af13746c71ab680d9534ed87"
url = "https://github.com/yannh/kubeconform/releases/download/v0.8.0/kubeconform-linux-arm64.tar.gz"
url_api = "https://api.github.com/repos/yannh/kubeconform/releases/assets/438612685"

[tools.kubeconform."platforms.linux-x64"]
checksum = "sha256:9bc2bffbf71f261128533edaf912153948b7ff238f9a531ae6d34466ec287883"
url = "https://github.com/yannh/kubeconform/releases/download/v0.8.0/kubeconform-linux-amd64.tar.gz"
url_api = "https://api.github.com/repos/yannh/kubeconform/releases/assets/438612666"

[tools.kubeconform."platforms.linux-x64-musl"]
checksum = "sha256:9bc2bffbf71f261128533edaf912153948b7ff238f9a531ae6d34466ec287883"
url = "https://github.com/yannh/kubeconform/releases/download/v0.8.0/kubeconform-linux-amd64.tar.gz"
url_api = "https://api.github.com/repos/yannh/kubeconform/releases/assets/438612666"

[tools.kubeconform."platforms.macos-arm64"]
checksum = "sha256:f84f4dfbebf4a6b0b230385fa065a39ea35e02608c2b50d025dcf64775a69d67"
url = "https://github.com/yannh/kubeconform/releases/download/v0.8.0/kubeconform-darwin-arm64.tar.gz"
url_api = "https://api.github.com/repos/yannh/kubeconform/releases/assets/438612680"

[tools.kubeconform."platforms.macos-x64"]
checksum = "sha256:71dbc87ac9f24099a62b93570e65aa06312ba6ac8aea63b7f86e9d999edf5a92"
url = "https://github.com/yannh/kubeconform/releases/download/v0.8.0/kubeconform-darwin-amd64.tar.gz"
url_api = "https://api.github.com/repos/yannh/kubeconform/releases/assets/438612679"

[[tools.kubectl]]
version = "1.37.0"
backend = "aqua:kubernetes/kubernetes/kubectl"
specifiers = ["latest"]

[tools.kubectl."platforms.linux-arm64"]
checksum = "sha256:922df28df248cc00a9e025f947704f1d1482de64ece54cfe57e61f19eaf1eef3"
url = "https://dl.k8s.io/v1.37.0/bin/linux/arm64/kubectl"

[tools.kubectl."platforms.linux-arm64-musl"]
checksum = "sha256:922df28df248cc00a9e025f947704f1d1482de64ece54cfe57e61f19eaf1eef3"
url = "https://dl.k8s.io/v1.37.0/bin/linux/arm64/kubectl"

[tools.kubectl."platforms.linux-x64"]
checksum = "sha256:6129359f4e1f3848a5572ccb0b26cf28b8ca08cef38c95a765b2f64a2c961a2f"
url = "https://dl.k8s.io/v1.37.0/bin/linux/amd64/kubectl"

[tools.kubectl."platforms.linux-x64-musl"]
checksum = "sha256:6129359f4e1f3848a5572ccb0b26cf28b8ca08cef38c95a765b2f64a2c961a2f"
url = "https://dl.k8s.io/v1.37.0/bin/linux/amd64/kubectl"

[tools.kubectl."platforms.macos-arm64"]
checksum = "sha256:583beedaebe422e71d3f1a96acef8b1fef86ea2f09a45ad01aa6c9ce287c1380"
url = "https://dl.k8s.io/v1.37.0/bin/darwin/arm64/kubectl"

[tools.kubectl."platforms.macos-x64"]
checksum = "sha256:d5276c0f4fde77fc446070290f345944a7f1fda153df6b960e5fde93b7a9bccd"
url = "https://dl.k8s.io/v1.37.0/bin/darwin/amd64/kubectl"

[[tools.node]]
version = "26.8.1"
backend = "core:node"
specifiers = ["26.8"]

[tools.node."platforms.linux-arm64"]
checksum = "sha256:d5f973ce975e4bd03e6c2038260f7e9201615aa8e1ee293c72f8dcc2a6d9fddb"
url = "https://nodejs.org/dist/v26.8.1/node-v26.8.1-linux-arm64.tar.gz"

[tools.node."platforms.linux-arm64-musl"]
checksum = "sha256:0fe78afdeb4a4d273b14abbd4b946c772885c58994c9d23b1c8ae0a59a2f8a53"
url = "https://unofficial-builds.nodejs.org/download/release/v26.8.1/node-v26.8.1-linux-arm64-musl.tar.gz"

[tools.node."platforms.linux-x64"]
checksum = "sha256:b2b76660fa4ded4e0b2a41ee3c0c651cd52ea8170ead91ebac1e147ac3d55643"
url = "https://nodejs.org/dist/v26.8.1/node-v26.8.1-linux-x64.tar.gz"

[tools.node."platforms.linux-x64-musl"]
checksum = "sha256:13135a6a2106f9d111fa9b48c8801ed119ad43e7e1d00de17d77a9c44899aada"
url = "https://unofficial-builds.nodejs.org/download/release/v26.8.1/node-v26.8.1-linux-x64-musl.tar.gz"

[tools.node."platforms.macos-arm64"]
checksum = "sha256:6e577fd0d9db776db82306629e441a9dace416702622aebdd171c9dfaa41f4d2"
url = "https://nodejs.org/dist/v26.8.1/node-v26.8.1-darwin-arm64.tar.gz"

[tools.node."platforms.macos-x64"]
checksum = "sha256:fe9c6dbf9c8e1b4443803d75e2a20366e420dae650c747dbb116b22975751baf"
url = "https://nodejs.org/dist/v26.8.1/node-v26.8.1-darwin-x64.tar.gz"

[[tools."npm:jscpd"]]
version = "5.1.2"
backend = "npm:jscpd"
specifiers = ["5.1.2"]

[[tools.python]]
version = "3.13.15"
backend = "core:python"
specifiers = ["3.13"]

[tools.python."platforms.linux-arm64"]
checksum = "sha256:01ce0ce9189feaead3298abf10d4efe998c55a489b3d5d38ca4f83dda7e7977e"
url = "https://github.com/astral-sh/python-build-standalone/releases/download/20260901/cpython-3.13.15+20260901-aarch64-unknown-linux-gnu-install_only_stripped.tar.gz"
provenance = "github-attestations"

[tools.python."platforms.linux-arm64-musl"]
checksum = "sha256:40b7d31b0f50d9f500821b44ac8c0f253d94839b82cd07ed1c7e240787271bb2"
url = "https://github.com/astral-sh/python-build-standalone/releases/download/20260901/cpython-3.13.15+20260901-aarch64-unknown-linux-musl-install_only_stripped.tar.gz"
provenance = "github-attestations"

[tools.python."platforms.linux-x64"]
checksum = "sha256:8a689a077337bea6d1c4bc0b7df1d52fcaa28f5f67e50df8bf417c1e3f9d8874"
url = "https://github.com/astral-sh/python-build-standalone/releases/download/20260901/cpython-3.13.15+20260901-x86_64-unknown-linux-gnu-install_only_stripped.tar.gz"
provenance = "github-attestations"

[tools.python."platforms.linux-x64-musl"]
checksum = "sha256:6d26dd7e3adaf613565cc703e0096774154d761c65523d373e6a36bc478dd4d5"
url = "https://github.com/astral-sh/python-build-standalone/releases/download/20260901/cpython-3.13.15+20260901-x86_64-unknown-linux-musl-install_only_stripped.tar.gz"
provenance = "github-attestations"

[tools.python."platforms.macos-arm64"]
checksum = "sha256:d3904bd6a072246e07aa0bdadee9a14e80521e42a943c0848059feb16a2816dc"
url = "https://github.com/astral-sh/python-build-standalone/releases/download/20260901/cpython-3.13.15+20260901-aarch64-apple-darwin-install_only_stripped.tar.gz"
provenance = "github-attestations"

[tools.python."platforms.macos-x64"]
checksum = "sha256:f712a9143c8a5d248438ec7921a0b48d548bca4f1337d33c690d28c2d0504137"
url = "https://github.com/astral-sh/python-build-standalone/releases/download/20260901/cpython-3.13.15+20260901-x86_64-apple-darwin-install_only_stripped.tar.gz"
provenance = "github-attestations"

[[tools.taplo]]
version = "0.10.0"
backend = "aqua:tamasfe/taplo"
specifiers = ["latest"]

[tools.taplo."platforms.linux-arm64"]
checksum = "sha256:033681d01eec8376c3fd38fa3703c79316f5e14bb013d859943b60a07bccdcc3"
url = "https://github.com/tamasfe/taplo/releases/download/0.10.0/taplo-linux-aarch64.gz"
url_api = "https://api.github.com/repos/tamasfe/taplo/releases/assets/257322597"

[tools.taplo."platforms.linux-arm64-musl"]
checksum = "sha256:033681d01eec8376c3fd38fa3703c79316f5e14bb013d859943b60a07bccdcc3"
url = "https://github.com/tamasfe/taplo/releases/download/0.10.0/taplo-linux-aarch64.gz"
url_api = "https://api.github.com/repos/tamasfe/taplo/releases/assets/257322597"

[tools.taplo."platforms.linux-x64"]
checksum = "sha256:8fe196b894ccf9072f98d4e1013a180306e17d244830b03986ee5e8eabeb6156"
url = "https://github.com/tamasfe/taplo/releases/download/0.10.0/taplo-linux-x86_64.gz"
url_api = "https://api.github.com/repos/tamasfe/taplo/releases/assets/257322600"

[tools.taplo."platforms.linux-x64-musl"]
checksum = "sha256:8fe196b894ccf9072f98d4e1013a180306e17d244830b03986ee5e8eabeb6156"
url = "https://github.com/tamasfe/taplo/releases/download/0.10.0/taplo-linux-x86_64.gz"
url_api = "https://api.github.com/repos/tamasfe/taplo/releases/assets/257322600"

[tools.taplo."platforms.macos-arm64"]
checksum = "sha256:713734314c3e71894b9e77513c5349835eefbd52908445a0d73b0c7dc469347d"
url = "https://github.com/tamasfe/taplo/releases/download/0.10.0/taplo-darwin-aarch64.gz"
url_api = "https://api.github.com/repos/tamasfe/taplo/releases/assets/257323110"

[tools.taplo."platforms.macos-x64"]
checksum = "sha256:898122cde3a0b1cd1cbc2d52d3624f23338218c91b5ddb71518236a4c2c10ef2"
url = "https://github.com/tamasfe/taplo/releases/download/0.10.0/taplo-darwin-x86_64.gz"
url_api = "https://api.github.com/repos/tamasfe/taplo/releases/assets/257323116"

[[tools.uv]]
version = "0.12.10"
backend = "aqua:astral-sh/uv"
specifiers = ["latest"]

[tools.uv."platforms.linux-arm64"]
checksum = "sha256:9ff6b9d4665edcdd3a88dcc73cd1eb641754deb927f14e8c62ebfde6bf4f5f5e"
url = "https://github.com/astral-sh/uv/releases/download/0.12.10/uv-aarch64-unknown-linux-gnu.tar.gz"
url_api = "https://api.github.com/repos/astral-sh/uv/releases/assets/545034356"
provenance = "github-attestations"

[tools.uv."platforms.linux-arm64-musl"]
checksum = "sha256:3983cb642fae84eab33756109bb266f126eb61763d8d220dd662af589c5b3da5"
url = "https://github.com/astral-sh/uv/releases/download/0.12.10/uv-aarch64-unknown-linux-musl.tar.gz"
url_api = "https://api.github.com/repos/astral-sh/uv/releases/assets/545034364"
provenance = "github-attestations"

[tools.uv."platforms.linux-x64"]
checksum = "sha256:173d95a0c32d18c896c46ba6fafbf3cf9c14ab74b033f81b76c883ef492a976b"
url = "https://github.com/astral-sh/uv/releases/download/0.12.10/uv-x86_64-unknown-linux-gnu.tar.gz"
url_api = "https://api.github.com/repos/astral-sh/uv/releases/assets/545034465"
provenance = "github-attestations"

[tools.uv."platforms.linux-x64-musl"]
checksum = "sha256:848d0e261119e5b8f35db10164635e46a48bec29ceb1f8ec14a6fc76004973ee"
url = "https://github.com/astral-sh/uv/releases/download/0.12.10/uv-x86_64-unknown-linux-musl.tar.gz"
url_api = "https://api.github.com/repos/astral-sh/uv/releases/assets/545034473"
provenance = "github-attestations"

[tools.uv."platforms.macos-arm64"]
checksum = "sha256:51c6170e8e3a01cef9f33b94f582b7b81ac65046f55d40afb35f9cff5a68c179"
url = "https://github.com/astral-sh/uv/releases/download/0.12.10/uv-aarch64-apple-darwin.tar.gz"
url_api = "https://api.github.com/repos/astral-sh/uv/releases/assets/545034336"
provenance = "github-attestations"

[tools.uv."platforms.macos-x64"]
checksum = "sha256:5296d5aa2b9143360405eea866f8ef4d5dc8986b164eb0dc35e8f876a9304d30"
url = "https://github.com/astral-sh/uv/releases/download/0.12.10/uv-x86_64-apple-darwin.tar.gz"
url_api = "https://api.github.com/repos/astral-sh/uv/releases/assets/545034436"
provenance = "github-attestations"
